
Microsoft Visual Studio Solution File, Format Version 12.00
# Visual Studio Version 16
VisualStudioVersion = 16.0.31829.152
MinimumVisualStudioVersion = 10.0.40219.1
Project("{FAE04EC0-301F-11D3-BF4B-00C04F79EFBC}") = "WPF12", "WPF12.csproj", "{DC533A40-1352-4E61-9D3F-98434E9EB676}"
EndProject
Global
	GlobalSection(SolutionConfigurationPlatforms) = preSolution
		Debug|Any CPU = Debug|Any CPU
		Release|Any CPU = Release|Any CPU
	EndGlobalSection
	GlobalSection(ProjectConfigurationPlatforms) = postSolution
		{DC533A40-1352-4E61-9D3F-98434E9EB676}.Debug|Any CPU.ActiveCfg = Debug|Any CPU
		{DC533A40-1352-4E61-9D3F-98434E9EB676}.Debug|Any CPU.Build.0 = Debug|Any CPU
		{DC533A40-1352-4E61-9D3F-98434E9EB676}.Release|Any CPU.ActiveCfg = Release|Any CPU
		{DC533A40-1352-4E61-9D3F-98434E9EB676}.Release|Any CPU.Build.0 = Release|Any CPU
	EndGlobalSection
	GlobalSection(SolutionProperties) = preSolution
		HideSolutionNode = FALSE
	EndGlobalSection
	GlobalSection(ExtensibilityGlobals) = postSolution
		SolutionGuid = {37BDBA45-6FB5-4097-98BF-4F42000E6F0C}
	EndGlobalSection
EndGlobal
